
Microsoft Visual Studio Solution File, Format Version 12.00
# Visual Studio 15
VisualStudioVersion = 15.0.27130.2027
MinimumVisualStudioVersion = 10.0.40219.1
Project("{FAE04EC0-301F-11D3-BF4B-00C04F79EFBC}") = "Epam.Talalaykina.SummerPractice.Task1", "Epam.Talalaykina.SummerPractice.Task1\Epam.Talalaykina.SummerPractice.Task1.csproj", "{4FFEBBF9-7C99-4F2B-8D04-2BD705D78079}"
EndProject
Project("{FAE04EC0-301F-11D3-BF4B-00C04F79EFBC}") = "Entities", "Entities\Entities.csproj", "{AE8D6E86-8C29-4AF8-928E-BCE644EE60C5}"
EndProject
Project("{FAE04EC0-301F-11D3-BF4B-00C04F79EFBC}") = "BL", "BL\BL.csproj", "{72D51A98-6847-47F2-A6A3-FD4FC3F92033}"
EndProject
Project("{FAE04EC0-301F-11D3-BF4B-00C04F79EFBC}") = "BL.Interface", "BL.Interface\BL.Interface.csproj", "{F79517B1-5B16-410A-B90F-13DEA26107FA}"
EndProject
Project("{FAE04EC0-301F-11D3-BF4B-00C04F79EFBC}") = "DAL", "DAL\DAL.csproj", "{F74056C1-4F14-4ED7-A2B2-565B037993EC}"
EndProject
Project("{FAE04EC0-301F-11D3-BF4B-00C04F79EFBC}") = "DAL.Interface", "DAL.Interface\DAL.Interface.csproj", "{6C5B3BAE-22C8-484B-8176-0F18C3138C7D}"
EndProject
Global
	GlobalSection(SolutionConfigurationPlatforms) = preSolution
		Debug|Any CPU = Debug|Any CPU
		Release|Any CPU = Release|Any CPU
	EndGlobalSection
	GlobalSection(ProjectConfigurationPlatforms) = postSolution
		{4FFEBBF9-7C99-4F2B-8D04-2BD705D78079}.Debug|Any CPU.ActiveCfg = Debug|Any CPU
		{4FFEBBF9-7C99-4F2B-8D04-2BD705D78079}.Debug|Any CPU.Build.0 = Debug|Any CPU
		{4FFEBBF9-7C99-4F2B-8D04-2BD705D78079}.Release|Any CPU.ActiveCfg = Release|Any CPU
		{4FFEBBF9-7C99-4F2B-8D04-2BD705D78079}.Release|Any CPU.Build.0 = Release|Any CPU
		{AE8D6E86-8C29-4AF8-928E-BCE644EE60C5}.Debug|Any CPU.ActiveCfg = Debug|Any CPU
		{AE8D6E86-8C29-4AF8-928E-BCE644EE60C5}.Debug|Any CPU.Build.0 = Debug|Any CPU
		{AE8D6E86-8C29-4AF8-928E-BCE644EE60C5}.Release|Any CPU.ActiveCfg = Release|Any CPU
		{AE8D6E86-8C29-4AF8-928E-BCE644EE60C5}.Release|Any CPU.Build.0 = Release|Any CPU
		{72D51A98-6847-47F2-A6A3-FD4FC3F92033}.Debug|Any CPU.ActiveCfg = Debug|Any CPU
		{72D51A98-6847-47F2-A6A3-FD4FC3F92033}.Debug|Any CPU.Build.0 = Debug|Any CPU
		{72D51A98-6847-47F2-A6A3-FD4FC3F92033}.Release|Any CPU.ActiveCfg = Release|Any CPU
		{72D51A98-6847-47F2-A6A3-FD4FC3F92033}.Release|Any CPU.Build.0 = Release|Any CPU
		{F79517B1-5B16-410A-B90F-13DEA26107FA}.Debug|Any CPU.ActiveCfg = Debug|Any CPU
		{F79517B1-5B16-410A-B90F-13DEA26107FA}.Debug|Any CPU.Build.0 = Debug|Any CPU
		{F79517B1-5B16-410A-B90F-13DEA26107FA}.Release|Any CPU.ActiveCfg = Release|Any CPU
		{F79517B1-5B16-410A-B90F-13DEA26107FA}.Release|Any CPU.Build.0 = Release|Any CPU
		{F74056C1-4F14-4ED7-A2B2-565B037993EC}.Debug|Any CPU.ActiveCfg = Debug|Any CPU
		{F74056C1-4F14-4ED7-A2B2-565B037993EC}.Debug|Any CPU.Build.0 = Debug|Any CPU
		{F74056C1-4F14-4ED7-A2B2-565B037993EC}.Release|Any CPU.ActiveCfg = Release|Any CPU
		{F74056C1-4F14-4ED7-A2B2-565B037993EC}.Release|Any CPU.Build.0 = Release|Any CPU
		{6C5B3BAE-22C8-484B-8176-0F18C3138C7D}.Debug|Any CPU.ActiveCfg = Debug|Any CPU
		{6C5B3BAE-22C8-484B-8176-0F18C3138C7D}.Debug|Any CPU.Build.0 = Debug|Any CPU
		{6C5B3BAE-22C8-484B-8176-0F18C3138C7D}.Release|Any CPU.ActiveCfg = Release|Any CPU
		{6C5B3BAE-22C8-484B-8176-0F18C3138C7D}.Release|Any CPU.Build.0 = Release|Any CPU
	EndGlobalSection
	GlobalSection(SolutionProperties) = preSolution
		HideSolutionNode = FALSE
	EndGlobalSection
	GlobalSection(ExtensibilityGlobals) = postSolution
		SolutionGuid = {966B95E1-4587-46D1-A50E-B55850BA51A8}
	EndGlobalSection
EndGlobal
